// !$*UTF8*$!
{
	archiveVersion = 1;
	classes = {
	};
	objectVersion = 77;
	objects = {

/* Begin PBXBuildFile section */
		58071FF02E2694CF00023873 /* SpaceMono-Regular.ttf in Resources */ = {isa = PBXBuildFile; fileRef = 58071FEE2E2694CF00023873 /* SpaceMono-Regular.ttf */; };
		58071FF12E2694CF00023873 /* SpaceMono-BoldItalic.ttf in Resources */ = {isa = PBXBuildFile; fileRef = 58071FEC2E2694CF00023873 /* SpaceMono-BoldItalic.ttf */; };
		58071FF22E2694CF00023873 /* SpaceMono-Bold.ttf in Resources */ = {isa = PBXBuildFile; fileRef = 58071FEB2E2694CF00023873 /* SpaceMono-Bold.ttf */; };
		58071FF32E2694CF00023873 /* OFL.txt in Resources */ = {isa = PBXBuildFile; fileRef = 58071FEA2E2694CF00023873 /* OFL.txt */; };
		58071FF42E2694CF00023873 /* SpaceMono-Italic.ttf in Resources */ = {isa = PBXBuildFile; fileRef = 58071FED2E2694CF00023873 /* SpaceMono-Italic.ttf */; };
		589B6A0C2E26C4E100C1BC0E /* SpaceGrotesk-Bold.ttf in Resources */ = {isa = PBXBuildFile; fileRef = 589B6A022E26C4E100C1BC0E /* SpaceGrotesk-Bold.ttf */; };
		589B6A0D2E26C4E100C1BC0E /* SpaceGrotesk-Light.ttf in Resources */ = {isa = PBXBuildFile; fileRef = 589B6A032E26C4E100C1BC0E /* SpaceGrotesk-Light.ttf */; };
		589B6A0E2E26C4E100C1BC0E /* SpaceGrotesk-Regular.ttf in Resources */ = {isa = PBXBuildFile; fileRef = 589B6A052E26C4E100C1BC0E /* SpaceGrotesk-Regular.ttf */; };
		589B6A0F2E26C4E100C1BC0E /* README.txt in Resources */ = {isa = PBXBuildFile; fileRef = 589B6A092E26C4E100C1BC0E /* README.txt */; };
		589B6A112E26C4E100C1BC0E /* SpaceGrotesk-SemiBold.ttf in Resources */ = {isa = PBXBuildFile; fileRef = 589B6A062E26C4E100C1BC0E /* SpaceGrotesk-SemiBold.ttf */; };
		589B6A122E26C4E100C1BC0E /* SpaceGrotesk.ttf in Resources */ = {isa = PBXBuildFile; fileRef = 589B6A0A2E26C4E100C1BC0E /* SpaceGrotesk.ttf */; };
		589B6A132E26C4E100C1BC0E /* SpaceGrotesk-Medium.ttf in Resources */ = {isa = PBXBuildFile; fileRef = 589B6A042E26C4E100C1BC0E /* SpaceGrotesk-Medium.ttf */; };
		589B6A192E26D26700C1BC0E /* FocusOnAppear in Frameworks */ = {isa = PBXBuildFile; productRef = 589B6A182E26D26700C1BC0E /* FocusOnAppear */; };
/* End PBXBuildFile section */

/* Begin PBXFileReference section */
		58071FEA2E2694CF00023873 /* OFL.txt */ = {isa = PBXFileReference; lastKnownFileType = text; path = OFL.txt; sourceTree = "<group>"; };
		58071FEB2E2694CF00023873 /* SpaceMono-Bold.ttf */ = {isa = PBXFileReference; lastKnownFileType = file; path = "SpaceMono-Bold.ttf"; sourceTree = "<group>"; };
		58071FEC2E2694CF00023873 /* SpaceMono-BoldItalic.ttf */ = {isa = PBXFileReference; lastKnownFileType = file; path = "SpaceMono-BoldItalic.ttf"; sourceTree = "<group>"; };
		58071FED2E2694CF00023873 /* SpaceMono-Italic.ttf */ = {isa = PBXFileReference; lastKnownFileType = file; path = "SpaceMono-Italic.ttf"; sourceTree = "<group>"; };
		58071FEE2E2694CF00023873 /* SpaceMono-Regular.ttf */ = {isa = PBXFileReference; lastKnownFileType = file; path = "SpaceMono-Regular.ttf"; sourceTree = "<group>"; };
		589B6A022E26C4E100C1BC0E /* SpaceGrotesk-Bold.ttf */ = {isa = PBXFileReference; lastKnownFileType = file; path = "SpaceGrotesk-Bold.ttf"; sourceTree = "<group>"; };
		589B6A032E26C4E100C1BC0E /* SpaceGrotesk-Light.ttf */ = {isa = PBXFileReference; lastKnownFileType = file; path = "SpaceGrotesk-Light.ttf"; sourceTree = "<group>"; };
		589B6A042E26C4E100C1BC0E /* SpaceGrotesk-Medium.ttf */ = {isa = PBXFileReference; lastKnownFileType = file; path = "SpaceGrotesk-Medium.ttf"; sourceTree = "<group>"; };
		589B6A052E26C4E100C1BC0E /* SpaceGrotesk-Regular.ttf */ = {isa = PBXFileReference; lastKnownFileType = file; path = "SpaceGrotesk-Regular.ttf"; sourceTree = "<group>"; };
		589B6A062E26C4E100C1BC0E /* SpaceGrotesk-SemiBold.ttf */ = {isa = PBXFileReference; lastKnownFileType = file; path = "SpaceGrotesk-SemiBold.ttf"; sourceTree = "<group>"; };
		589B6A092E26C4E100C1BC0E /* README.txt */ = {isa = PBXFileReference; lastKnownFileType = text; path = README.txt; sourceTree = "<group>"; };
		589B6A0A2E26C4E100C1BC0E /* SpaceGrotesk.ttf */ = {isa = PBXFileReference; lastKnownFileType = file; path = SpaceGrotesk.ttf; sourceTree = "<group>"; };
		58BB7E3A2E26857F0006055D /* Receipt.app */ = {isa = PBXFileReference; explicitFileType = wrapper.application; includeInIndex = 0; path = Receipt.app; sourceTree = BUILT_PRODUCTS_DIR; };
/* End PBXFileReference section */

/* Begin PBXFileSystemSynchronizedBuildFileExceptionSet section */
		58BB7E472E2685820006055D /* Exceptions for "Receipt" folder in "Receipt" target */ = {
			isa = PBXFileSystemSynchronizedBuildFileExceptionSet;
			membershipExceptions = (
				Info.plist,
			);
			target = 58BB7E392E26857F0006055D /* Receipt */;
		};
/* End PBXFileSystemSynchronizedBuildFileExceptionSet section */

/* Begin PBXFileSystemSynchronizedRootGroup section */
		58BB7E3C2E26857F0006055D /* Receipt */ = {
			isa = PBXFileSystemSynchronizedRootGroup;
			exceptions = (
				58BB7E472E2685820006055D /* Exceptions for "Receipt" folder in "Receipt" target */,
			);
			path = Receipt;
			sourceTree = "<group>";
		};
/* End PBXFileSystemSynchronizedRootGroup section */

/* Begin PBXFrameworksBuildPhase section */
		58BB7E372E26857F0006055D /* Frameworks */ = {
			isa = PBXFrameworksBuildPhase;
			buildActionMask = 2147483647;
			files = (
				589B6A192E26D26700C1BC0E /* FocusOnAppear in Frameworks */,
			);
			runOnlyForDeploymentPostprocessing = 0;
		};
/* End PBXFrameworksBuildPhase section */

/* Begin PBXGroup section */
		58071FEF2E2694CF00023873 /* Space_Mono */ = {
			isa = PBXGroup;
			children = (
				58071FEA2E2694CF00023873 /* OFL.txt */,
				58071FEB2E2694CF00023873 /* SpaceMono-Bold.ttf */,
				58071FEC2E2694CF00023873 /* SpaceMono-BoldItalic.ttf */,
				58071FED2E2694CF00023873 /* SpaceMono-Italic.ttf */,
				58071FEE2E2694CF00023873 /* SpaceMono-Regular.ttf */,
			);
			path = Space_Mono;
			sourceTree = "<group>";
		};
		589B6A072E26C4E100C1BC0E /* static */ = {
			isa = PBXGroup;
			children = (
				589B6A022E26C4E100C1BC0E /* SpaceGrotesk-Bold.ttf */,
				589B6A032E26C4E100C1BC0E /* SpaceGrotesk-Light.ttf */,
				589B6A042E26C4E100C1BC0E /* SpaceGrotesk-Medium.ttf */,
				589B6A052E26C4E100C1BC0E /* SpaceGrotesk-Regular.ttf */,
				589B6A062E26C4E100C1BC0E /* SpaceGrotesk-SemiBold.ttf */,
			);
			path = static;
			sourceTree = "<group>";
		};
		589B6A0B2E26C4E100C1BC0E /* Space_Grotesk */ = {
			isa = PBXGroup;
			children = (
				589B6A072E26C4E100C1BC0E /* static */,
				589B6A092E26C4E100C1BC0E /* README.txt */,
				589B6A0A2E26C4E100C1BC0E /* SpaceGrotesk.ttf */,
			);
			path = Space_Grotesk;
			sourceTree = "<group>";
		};
		58BB7E312E26857F0006055D = {
			isa = PBXGroup;
			children = (
				58BB7E3C2E26857F0006055D /* Receipt */,
				58BB7E3B2E26857F0006055D /* Products */,
				58071FEF2E2694CF00023873 /* Space_Mono */,
				589B6A0B2E26C4E100C1BC0E /* Space_Grotesk */,
			);
			sourceTree = "<group>";
		};
		58BB7E3B2E26857F0006055D /* Products */ = {
			isa = PBXGroup;
			children = (
				58BB7E3A2E26857F0006055D /* Receipt.app */,
			);
			name = Products;
			sourceTree = "<group>";
		};
/* End PBXGroup section */

/* Begin PBXNativeTarget section */
		58BB7E392E26857F0006055D /* Receipt */ = {
			isa = PBXNativeTarget;
			buildConfigurationList = 58BB7E482E2685820006055D /* Build configuration list for PBXNativeTarget "Receipt" */;
			buildPhases = (
				58BB7E362E26857F0006055D /* Sources */,
				58BB7E372E26857F0006055D /* Frameworks */,
				58BB7E382E26857F0006055D /* Resources */,
			);
			buildRules = (
			);
			dependencies = (
			);
			fileSystemSynchronizedGroups = (
				58BB7E3C2E26857F0006055D /* Receipt */,
			);
			name = Receipt;
			packageProductDependencies = (
				589B6A182E26D26700C1BC0E /* FocusOnAppear */,
			);
			productName = Receipt;
			productReference = 58BB7E3A2E26857F0006055D /* Receipt.app */;
			productType = "com.apple.product-type.application";
		};
/* End PBXNativeTarget section */

/* Begin PBXProject section */
		58BB7E322E26857F0006055D /* Project object */ = {
			isa = PBXProject;
			attributes = {
				BuildIndependentTargetsInParallel = 1;
				LastSwiftUpdateCheck = 2600;
				LastUpgradeCheck = 2600;
				TargetAttributes = {
					58BB7E392E26857F0006055D = {
						CreatedOnToolsVersion = 26.0;
					};
				};
			};
			buildConfigurationList = 58BB7E352E26857F0006055D /* Build configuration list for PBXProject "Receipt" */;
			developmentRegion = en;
			hasScannedForEncodings = 0;
			knownRegions = (
				en,
				Base,
			);
			mainGroup = 58BB7E312E26857F0006055D;
			minimizedProjectReferenceProxies = 1;
			packageReferences = (
				589B6A172E26D26700C1BC0E /* XCRemoteSwiftPackageReference "FocusOnAppear" */,
			);
			preferredProjectObjectVersion = 77;
			productRefGroup = 58BB7E3B2E26857F0006055D /* Products */;
			projectDirPath = "";
			projectRoot = "";
			targets = (
				58BB7E392E26857F0006055D /* Receipt */,
			);
		};
/* End PBXProject section */

/* Begin PBXResourcesBuildPhase section */
		58BB7E382E26857F0006055D /* Resources */ = {
			isa = PBXResourcesBuildPhase;
			buildActionMask = 2147483647;
			files = (
				58071FF02E2694CF00023873 /* SpaceMono-Regular.ttf in Resources */,
				58071FF12E2694CF00023873 /* SpaceMono-BoldItalic.ttf in Resources */,
				58071FF22E2694CF00023873 /* SpaceMono-Bold.ttf in Resources */,
				58071FF32E2694CF00023873 /* OFL.txt in Resources */,
				58071FF42E2694CF00023873 /* SpaceMono-Italic.ttf in Resources */,
				589B6A0C2E26C4E100C1BC0E /* SpaceGrotesk-Bold.ttf in Resources */,
				589B6A0D2E26C4E100C1BC0E /* SpaceGrotesk-Light.ttf in Resources */,
				589B6A0E2E26C4E100C1BC0E /* SpaceGrotesk-Regular.ttf in Resources */,
				589B6A0F2E26C4E100C1BC0E /* README.txt in Resources */,
				589B6A112E26C4E100C1BC0E /* SpaceGrotesk-SemiBold.ttf in Resources */,
				589B6A122E26C4E100C1BC0E /* SpaceGrotesk.ttf in Resources */,
				589B6A132E26C4E100C1BC0E /* SpaceGrotesk-Medium.ttf in Resources */,
			);
			runOnlyForDeploymentPostprocessing = 0;
		};
/* End PBXResourcesBuildPhase section */

/* Begin PBXSourcesBuildPhase section */
		58BB7E362E26857F0006055D /* Sources */ = {
			isa = PBXSourcesBuildPhase;
			buildActionMask = 2147483647;
			files = (
			);
			runOnlyForDeploymentPostprocessing = 0;
		};
/* End PBXSourcesBuildPhase section */

/* Begin XCBuildConfiguration section */
		58BB7E492E2685820006055D /* Debug */ = {
			isa = XCBuildConfiguration;
			buildSettings = {
				ASSETCATALOG_COMPILER_APPICON_NAME = AppIcon;
				ASSETCATALOG_COMPILER_GLOBAL_ACCENT_COLOR_NAME = AccentColor;
				CODE_SIGN_ENTITLEMENTS = Receipt/Receipt.entitlements;
				CODE_SIGN_STYLE = Automatic;
				CURRENT_PROJECT_VERSION = 1;
				DEVELOPMENT_TEAM = 56R25D4KF2;
				ENABLE_PREVIEWS = YES;
				GENERATE_INFOPLIST_FILE = YES;
				INFOPLIST_FILE = Receipt/Info.plist;
				INFOPLIST_KEY_LSApplicationCategoryType = "public.app-category.utilities";
				INFOPLIST_KEY_UIApplicationSceneManifest_Generation = YES;
				INFOPLIST_KEY_UIApplicationSupportsIndirectInputEvents = YES;
				INFOPLIST_KEY_UILaunchScreen_Generation = YES;
				INFOPLIST_KEY_UISupportedInterfaceOrientations = UIInterfaceOrientationPortrait;
				INFOPLIST_KEY_UISupportedInterfaceOrientations_iPad = "UIInterfaceOrientationPortrait UIInterfaceOrientationPortraitUpsideDown";
				LD_RUNPATH_SEARCH_PATHS = (
					"$(inherited)",
					"@executable_path/Frameworks",
				);
				MARKETING_VERSION = 1.0;
				PRODUCT_BUNDLE_IDENTIFIER = sh.zelda.Receipt;
				PRODUCT_NAME = "$(TARGET_NAME)";
				STRING_CATALOG_GENERATE_SYMBOLS = YES;
				SWIFT_APPROACHABLE_CONCURRENCY = YES;
				SWIFT_DEFAULT_ACTOR_ISOLATION = MainActor;
				SWIFT_EMIT_LOC_STRINGS = YES;
				SWIFT_UPCOMING_FEATURE_MEMBER_IMPORT_VISIBILITY = YES;
				SWIFT_VERSION = 5.0;
				TARGETED_DEVICE_FAMILY = "1,2";
			};
			name = Debug;
		};
		58BB7E4A2E2685820006055D /* Release */ = {
			isa = XCBuildConfiguration;
			buildSettings = {
				ASSETCATALOG_COMPILER_APPICON_NAME = AppIcon;
				ASSETCATALOG_COMPILER_GLOBAL_ACCENT_COLOR_NAME = AccentColor;
				CODE_SIGN_ENTITLEMENTS = Receipt/Receipt.entitlements;
				CODE_SIGN_STYLE = Automatic;
				CURRENT_PROJECT_VERSION = 1;
				DEVELOPMENT_TEAM = 56R25D4KF2;
				ENABLE_PREVIEWS = YES;
				GENERATE_INFOPLIST_FILE = YES;
				INFOPLIST_FILE = Receipt/Info.plist;
				INFOPLIST_KEY_LSApplicationCategoryType = "public.app-category.utilities";
				INFOPLIST_KEY_UIApplicationSceneManifest_Generation = YES;
				INFOPLIST_KEY_UIApplicationSupportsIndirectInputEvents = YES;
				INFOPLIST_KEY_UILaunchScreen_Generation = YES;
				INFOPLIST_KEY_UISupportedInterfaceOrientations = UIInterfaceOrientationPortrait;
				INFOPLIST_KEY_UISupportedInterfaceOrientations_iPad = "UIInterfaceOrientationPortrait UIInterfaceOrientationPortraitUpsideDown";
				LD_RUNPATH_SEARCH_PATHS = (
					"$(inherited)",
					"@executable_path/Frameworks",
				);
				MARKETING_VERSION = 1.0;
				PRODUCT_BUNDLE_IDENTIFIER = sh.zelda.Receipt;
				PRODUCT_NAME = "$(TARGET_NAME)";
				STRING_CATALOG_GENERATE_SYMBOLS = YES;
				SWIFT_APPROACHABLE_CONCURRENCY = YES;
				SWIFT_DEFAULT_ACTOR_ISOLATION = MainActor;
				SWIFT_EMIT_LOC_STRINGS = YES;
				SWIFT_UPCOMING_FEATURE_MEMBER_IMPORT_VISIBILITY = YES;
				SWIFT_VERSION = 5.0;
				TARGETED_DEVICE_FAMILY = "1,2";
			};
			name = Release;
		};
		58BB7E4B2E2685820006055D /* Debug */ = {
			isa = XCBuildConfiguration;
			buildSettings = {
				ALWAYS_SEARCH_USER_PATHS = NO;
				ASSETCATALOG_COMPILER_GENERATE_SWIFT_ASSET_SYMBOL_EXTENSIONS = YES;
				CLANG_ANALYZER_NONNULL = YES;
				CLANG_ANALYZER_NUMBER_OBJECT_CONVERSION = YES_AGGRESSIVE;
				CLANG_CXX_LANGUAGE_STANDARD = "gnu++20";
				CLANG_ENABLE_MODULES = YES;
				CLANG_ENABLE_OBJC_ARC = YES;
				CLANG_ENABLE_OBJC_WEAK = YES;
				CLANG_WARN_BLOCK_CAPTURE_AUTORELEASING = YES;
				CLANG_WARN_BOOL_CONVERSION = YES;
				CLANG_WARN_COMMA = YES;
				CLANG_WARN_CONSTANT_CONVERSION = YES;
				CLANG_WARN_DEPRECATED_OBJC_IMPLEMENTATIONS = YES;
				CLANG_WARN_DIRECT_OBJC_ISA_USAGE = YES_ERROR;
				CLANG_WARN_DOCUMENTATION_COMMENTS = YES;
				CLANG_WARN_EMPTY_BODY = YES;
				CLANG_WARN_ENUM_CONVERSION = YES;
				CLANG_WARN_INFINITE_RECURSION = YES;
				CLANG_WARN_INT_CONVERSION = YES;
				CLANG_WARN_NON_LITERAL_NULL_CONVERSION = YES;
				CLANG_WARN_OBJC_IMPLICIT_RETAIN_SELF = YES;
				CLANG_WARN_OBJC_LITERAL_CONVERSION = YES;
				CLANG_WARN_OBJC_ROOT_CLASS = YES_ERROR;
				CLANG_WARN_QUOTED_INCLUDE_IN_FRAMEWORK_HEADER = YES;
				CLANG_WARN_RANGE_LOOP_ANALYSIS = YES;
				CLANG_WARN_STRICT_PROTOTYPES = YES;
				CLANG_WARN_SUSPICIOUS_MOVE = YES;
				CLANG_WARN_UNGUARDED_AVAILABILITY = YES_AGGRESSIVE;
				CLANG_WARN_UNREACHABLE_CODE = YES;
				CLANG_WARN__DUPLICATE_METHOD_MATCH = YES;
				COPY_PHASE_STRIP = NO;
				DEBUG_INFORMATION_FORMAT = dwarf;
				DEVELOPMENT_TEAM = 56R25D4KF2;
				ENABLE_STRICT_OBJC_MSGSEND = YES;
				ENABLE_TESTABILITY = YES;
				ENABLE_USER_SCRIPT_SANDBOXING = YES;
				GCC_C_LANGUAGE_STANDARD = gnu17;
				GCC_DYNAMIC_NO_PIC = NO;
				GCC_NO_COMMON_BLOCKS = YES;
				GCC_OPTIMIZATION_LEVEL = 0;
				GCC_PREPROCESSOR_DEFINITIONS = (
					"DEBUG=1",
					"$(inherited)",
				);
				GCC_WARN_64_TO_32_BIT_CONVERSION = YES;
				GCC_WARN_ABOUT_RETURN_TYPE = YES_ERROR;
				GCC_WARN_UNDECLARED_SELECTOR = YES;
				GCC_WARN_UNINITIALIZED_AUTOS = YES_AGGRESSIVE;
				GCC_WARN_UNUSED_FUNCTION = YES;
				GCC_WARN_UNUSED_VARIABLE = YES;
				IPHONEOS_DEPLOYMENT_TARGET = 26.0;
				LOCALIZATION_PREFERS_STRING_CATALOGS = YES;
				MTL_ENABLE_DEBUG_INFO = INCLUDE_SOURCE;
				MTL_FAST_MATH = YES;
				ONLY_ACTIVE_ARCH = YES;
				SDKROOT = iphoneos;
				SWIFT_ACTIVE_COMPILATION_CONDITIONS = "DEBUG $(inherited)";
				SWIFT_OPTIMIZATION_LEVEL = "-Onone";
			};
			name = Debug;
		};
		58BB7E4C2E2685820006055D /* Release */ = {
			isa = XCBuildConfiguration;
			buildSettings = {
				ALWAYS_SEARCH_USER_PATHS = NO;
				ASSETCATALOG_COMPILER_GENERATE_SWIFT_ASSET_SYMBOL_EXTENSIONS = YES;
				CLANG_ANALYZER_NONNULL = YES;
				CLANG_ANALYZER_NUMBER_OBJECT_CONVERSION = YES_AGGRESSIVE;
				CLANG_CXX_LANGUAGE_STANDARD = "gnu++20";
				CLANG_ENABLE_MODULES = YES;
				CLANG_ENABLE_OBJC_ARC = YES;
				CLANG_ENABLE_OBJC_WEAK = YES;
				CLANG_WARN_BLOCK_CAPTURE_AUTORELEASING = YES;
				CLANG_WARN_BOOL_CONVERSION = YES;
				CLANG_WARN_COMMA = YES;
				CLANG_WARN_CONSTANT_CONVERSION = YES;
				CLANG_WARN_DEPRECATED_OBJC_IMPLEMENTATIONS = YES;
				CLANG_WARN_DIRECT_OBJC_ISA_USAGE = YES_ERROR;
				CLANG_WARN_DOCUMENTATION_COMMENTS = YES;
				CLANG_WARN_EMPTY_BODY = YES;
				CLANG_WARN_ENUM_CONVERSION = YES;
				CLANG_WARN_INFINITE_RECURSION = YES;
				CLANG_WARN_INT_CONVERSION = YES;
				CLANG_WARN_NON_LITERAL_NULL_CONVERSION = YES;
				CLANG_WARN_OBJC_IMPLICIT_RETAIN_SELF = YES;
				CLANG_WARN_OBJC_LITERAL_CONVERSION = YES;
				CLANG_WARN_OBJC_ROOT_CLASS = YES_ERROR;
				CLANG_WARN_QUOTED_INCLUDE_IN_FRAMEWORK_HEADER = YES;
				CLANG_WARN_RANGE_LOOP_ANALYSIS = YES;
				CLANG_WARN_STRICT_PROTOTYPES = YES;
				CLANG_WARN_SUSPICIOUS_MOVE = YES;
				CLANG_WARN_UNGUARDED_AVAILABILITY = YES_AGGRESSIVE;
				CLANG_WARN_UNREACHABLE_CODE = YES;
				CLANG_WARN__DUPLICATE_METHOD_MATCH = YES;
				COPY_PHASE_STRIP = NO;
				DEBUG_INFORMATION_FORMAT = "dwarf-with-dsym";
				DEVELOPMENT_TEAM = 56R25D4KF2;
				ENABLE_NS_ASSERTIONS = NO;
				ENABLE_STRICT_OBJC_MSGSEND = YES;
				ENABLE_USER_SCRIPT_SANDBOXING = YES;
				GCC_C_LANGUAGE_STANDARD = gnu17;
				GCC_NO_COMMON_BLOCKS = YES;
				GCC_WARN_64_TO_32_BIT_CONVERSION = YES;
				GCC_WARN_ABOUT_RETURN_TYPE = YES_ERROR;
				GCC_WARN_UNDECLARED_SELECTOR = YES;
				GCC_WARN_UNINITIALIZED_AUTOS = YES_AGGRESSIVE;
				GCC_WARN_UNUSED_FUNCTION = YES;
				GCC_WARN_UNUSED_VARIABLE = YES;
				IPHONEOS_DEPLOYMENT_TARGET = 26.0;
				LOCALIZATION_PREFERS_STRING_CATALOGS = YES;
				MTL_ENABLE_DEBUG_INFO = NO;
				MTL_FAST_MATH = YES;
				SDKROOT = iphoneos;
				SWIFT_COMPILATION_MODE = wholemodule;
				VALIDATE_PRODUCT = YES;
			};
			name = Release;
		};
/* End XCBuildConfiguration section */

/* Begin XCConfigurationList section */
		58BB7E352E26857F0006055D /* Build configuration list for PBXProject "Receipt" */ = {
			isa = XCConfigurationList;
			buildConfigurations = (
				58BB7E4B2E2685820006055D /* Debug */,
				58BB7E4C2E2685820006055D /* Release */,
			);
			defaultConfigurationIsVisible = 0;
			defaultConfigurationName = Release;
		};
		58BB7E482E2685820006055D /* Build configuration list for PBXNativeTarget "Receipt" */ = {
			isa = XCConfigurationList;
			buildConfigurations = (
				58BB7E492E2685820006055D /* Debug */,
				58BB7E4A2E2685820006055D /* Release */,
			);
			defaultConfigurationIsVisible = 0;
			defaultConfigurationName = Release;
		};
/* End XCConfigurationList section */

/* Begin XCRemoteSwiftPackageReference section */
		589B6A172E26D26700C1BC0E /* XCRemoteSwiftPackageReference "FocusOnAppear" */ = {
			isa = XCRemoteSwiftPackageReference;
			repositoryURL = "https://github.com/naan/FocusOnAppear";
			requirement = {
				kind = upToNextMajorVersion;
				minimumVersion = 1.2.0;
			};
		};
/* End XCRemoteSwiftPackageReference section */

/* Begin XCSwiftPackageProductDependency section */
		589B6A182E26D26700C1BC0E /* FocusOnAppear */ = {
			isa = XCSwiftPackageProductDependency;
			package = 589B6A172E26D26700C1BC0E /* XCRemoteSwiftPackageReference "FocusOnAppear" */;
			productName = FocusOnAppear;
		};
/* End XCSwiftPackageProductDependency section */
	};
	rootObject = 58BB7E322E26857F0006055D /* Project object */;
}
